{
  "name": "cubii-qa-automation",
  "lockfileVersion": 3,
  "requires": true,
  "packages": {
    "": {
      "name": "cubii-qa-automation",
      "devDependencies": {
        "allure-commandline": "^2.34.0"
      }
    },
    "node_modules/allure-commandline": {
      "version": "2.41.0",
      "resolved": "https://registry.npmjs.org/allure-commandline/-/allure-commandline-2.41.0.tgz",
      "integrity": "sha512-X3/zXt3i1q9k1ZMQLUKKfHRlwrxsSly6TVRtowYvcFskK5Q8FBtf1pm9h/bXQwG16f9M4ngvI77QhaWngy00og==",
      "dev": true,
      "license": "Apache-2.0",
      "bin": {
        "allure": "bin/allure"
      }
    }
  }
}
